github.com/Microsoft/go-winio v0.5.2 h1:a9IhgEQBCUEk6QCdml9CiJGhAws+YwffDHEMp1VMrpA=
github.com/Microsoft/go-winio v0.5.2/go.mod h1:WpS1mjBmmwHBEWmogvA2mj8546UReBk4v8QkMxJ6pZY=
github.com/NYTimes/gziphandler v1.1.1 h1:ZUDjpQae29j0ryrS0u/B8HZfJBtBQHjqw2rQ2cqUQ3I=
github.com/NYTimes/gziphandler v1.1.1/go.mod h1:n/CVRwUEOgIxrgPvAQhUUr9oeUtvrhMomdKFjzJNB0c=
github.com/ProtonMail/go-crypto v0.0.0-20221026131551-cf6655e29de4 h1:ra2OtmuW0AE5csawV4YXMNGNQQXvLRps3z2Z59OPO+I=
github.com/ProtonMail/go-crypto v0.0.0-20221026131551-cf6655e29de4/go.mod h1:UBYPn8k0D56RtnR8RFQMjmh4KrZzWJ5o7Z9SYjossQ8=
github.com/VictoriaMetrics/fastcache v1.10.0 h1:5hDJnLsKLpnUEToub7ETuRu8RCkb40woBZAUiKonXzY=
github.com/VictoriaMetrics/fastcache v1.10.0/go.mod h1:tjiYeEfYXCqacuvYw/7UoDIeJaNxq6132xHICNP77w8=
github.com/acomagu/bufpipe v1.0.3 h1:fxAGrHZTgQ9w5QqVItgzwj235/uYZYgbXitB+dLupOk=
github.com/acomagu/bufpipe v1.0.3/go.mod h1:mxdxdup/WdsKVreO5GpW4+M/1CE2sMG4jeGJ2sYmHc4=
github.com/ava-labs/apm v0.0.4 h1:0IUwxCyvqwr2sbbEKhSI7VzpPG3Z+e180ulJwNiKkBk=
github.com/ava-labs/apm v0.0.4/go.mod h1:4MNcyEvWajJm2JnezC7vgHuA220ppoQYOMh5vM+iH4Q=
github.com/ava-labs/avalanche-network-runner v1.3.6-0.20230131185357-8438e423db52 h1:SPDSlAAO2i4Jiz0LzEXHxkYWNfainRvlySbnBFQ6KEs=
github.com/ava-labs/avalanche-network-runner v1.3.6-0.20230131185357-8438e423db52/go.mod h1:honAz8TVRUAXqyLV3YceDk++97lGu1LXA4sZriEx1aQ=
github.com/ava-labs/avalanchego v1.9.8 h1:5SHKqkWpBn9Pqxg2qpzDZ7FQqYFapzaCZwArapBdqAA=
github.com/ava-labs/avalanchego v1.9.8/go.mod h1:t9+R55TgRJxYCekRf/EicIjHBeeEQT04TQxpaF98+yM=
github.com/ava-labs/coreth v0.11.7-rc.0 h1:C+6vtAqBz3KrGyuSeZSwYeFTNalCKxxLdClWaFGAUIY=
github.com/ava-labs/coreth v0.11.7-rc.0/go.mod h1:e7SuEq6g3+YWyNPiznJF6KnnAuc0HCXxiSshMNj52Sw=
github.com/ava-labs/ledger-avalanche/go v0.0.0-20230105152938-00a24d05a8c7 h1:EdxD90j5sClfL5Ngpz2TlnbnkNYdFPDXa0jDOjam65c=
github.com/ava-labs/ledger-avalanche/go v0.0.0-20230105152938-00a24d05a8c7/go.mod h1:XhiXSrh90sHUbkERzaxEftCmUz53eCijshDLZ4fByVM=
github.com/ava-labs/spacesvm v0.0.16-0.20230203183930-edab6c380a0c h1:Y0GZ0D9M81+aBt1lA58grU0Cllwhd+CwFNrFfuF4DwE=
github.com/ava-labs/spacesvm v0.0.16-0.20230203183930-edab6c380a0c/go.mod h1:HUsQDCUsbzjW9eN720eouhxPPwq9+p9azXgZ7GHQ4pQ=
github.com/ava-labs/subnet-evm v0.4.8 h1:h9pDDqSQioEtUGyjhHJ3dT5Mh5BVxpBwVyil8Zb2r08=
github.com/ava-labs/subnet-evm v0.4.8/go.mod h1:aDW6zumvQiR1SabE8kdcAZYkbxJ6WV3QKL61lu+OgIQ=
github.com/beorn7/perks v1.0.1 h1:VlbKKnNfV8bJzeqoa4cOKqO6bYr3WgKZxO8Z16+hsOM=
github.com/beorn7/perks v1.0.1/go.mod h1:G2ZrVWU2WbWT9wwq4/hrbKbnv/1ERSJQ0ibhJ6rlkpw=
github.com/btcsuite/btcd/btcec/v2 v2.3.2 h1:5n0X6hX0Zk+6omWcihdYvdAlGf2DfasC0GMf7DClJ3U=
github.com/btcsuite/btcd/btcec/v2 v2.3.2/go.mod h1:zYzJ8etWJQIv1Ogk7OzpWjowwOdXY1W/17j2MW85J04=
github.com/btcsuite/btcd/btcutil v1.1.3 h1:xfbtw8lwpp0G6NwSHb+UE67ryTFHJAiNuipusjXSohQ=
github.com/btcsuite/btcd/btcutil v1.1.3/go.mod h1:UR7dsSJzJUfMmFiiLlIrMq1lS9jh9EdCV7FStZSnpi0=
github.com/cavaliergopher/grab/v3 v3.0.1 h1:4z7TkBfmPjmLAAmkkAZNX/6QJ1nNFdv3SdIHXju0Fr4=
github.com/cavaliergopher/grab/v3 v3.0.1/go.mod h1:1U/KNnD+Ft6JJiYoYBAimKH2XrYptb8Kl3DFGmsjpq4=
github.com/cenkalti/backoff/v4 v4.1.3 h1:cFAlzYUlVYDysBEH2T5hyJZMh3+5+WCBvSnK6Q8UtC4=
github.com/cenkalti/backoff/v4 v4.1.3/go.mod h1:scbssz8iZGpm3xbr14ovlUdkxfGXNInqkPWOWmG2CLw=
