github.com/Microsoft/go-winio v0.5.2 h1:a9IhgEQBCUEk6QCdml9CiJGhAws+YwffDHEMp1VMrpA=
github.com/Microsoft/go-winio v0.5.2/go.mod h1:WpS1mjBmmwHBEWmogvA2mj8546UReBk4v8QkMxJ6pZY=
github.com/NYTimes/gziphandler v1.1.1 h1:ZUDjpQae29j0ryrS0u/B8HZfJBtBQHjqw2rQ2cqUQ3I=
github.com/NYTimes/gziphandler v1.1.1/go.mod h1:n/CVRwUEOgIxrgPvAQhUUr9oeUtvrhMomdKFjzJNB0c=
github.com/ProtonMail/go-crypto v0.0.0-20221026131551-cf6655e29de4 h1:ra2OtmuW0AE5csawV4YXMNGNQQXvLRps3z2Z59OPO+I=
github.com/ProtonMail/go-crypto v0.0.0-20221026131551-cf6655e29de4/go.mod h1:UBYPn8k0D56RtnR8RFQMjmh4KrZzWJ5o7Z9SYjossQ8=
